// !$*UTF8*$!
{
	archiveVersion = 1;
	classes = {
	};
	objectVersion = 48;
	objects = {

/* Begin PBXBuildFile section */
		C743577720B2E3E800BEC51B /* Window_ShopperTests.swift in Sources */ = {isa = PBXBuildFile; fileRef = C743577620B2E3E800BEC51B /* Window_ShopperTests.swift */; };
		C774E80620B1FDE400E21DCA /* AppDelegate.swift in Sources */ = {isa = PBXBuildFile; fileRef = C774E80520B1FDE400E21DCA /* AppDelegate.swift */; };
		C774E80820B1FDE400E21DCA /* mainVC.swift in Sources */ = {isa = PBXBuildFile; fileRef = C774E80720B1FDE400E21DCA /* mainVC.swift */; };
		C774E80B20B1FDE400E21DCA /* Main.storyboard in Resources */ = {isa = PBXBuildFile; fileRef = C774E80920B1FDE400E21DCA /* Main.storyboard */; };
		C774E80D20B1FDE400E21DCA /* Assets.xcassets in Resources */ = {isa = PBXBuildFile; fileRef = C774E80C20B1FDE400E21DCA /* Assets.xcassets */; };
		C774E81020B1FDE400E21DCA /* LaunchScreen.storyboard in Resources */ = {isa = PBXBuildFile; fileRef = C774E80E20B1FDE400E21DCA /* LaunchScreen.storyboard */; };
		C774E81A20B2011E00E21DCA /* CurrencyTextField.swift in Sources */ = {isa = PBXBuildFile; fileRef = C774E81920B2011E00E21DCA /* CurrencyTextField.swift */; };
/* End PBXBuildFile section */

/* Begin PBXContainerItemProxy section */
		C743577920B2E3E800BEC51B /* PBXContainerItemProxy */ = {
			isa = PBXContainerItemProxy;
			containerPortal = C774E7FA20B1FDE400E21DCA /* Project object */;
			proxyType = 1;
			remoteGlobalIDString = C774E80120B1FDE400E21DCA;
			remoteInfo = "Window Shopper";
		};
/* End PBXContainerItemProxy section */

/* Begin PBXFileReference section */
		C743577420B2E3E800BEC51B /* Window ShopperTests.xctest */ = {isa = PBXFileReference; explicitFileType = wrapper.cfbundle; includeInIndex = 0; path = "Window ShopperTests.xctest"; sourceTree = BUILT_PRODUCTS_DIR; };
		C743577620B2E3E800BEC51B /* Window_ShopperTests.swift */ = {isa = PBXFileReference; lastKnownFileType = sourcecode.swift; path = Window_ShopperTests.swift; sourceTree = "<group>"; };
		C743577820B2E3E800BEC51B /* Info.plist */ = {isa = PBXFileReference; lastKnownFileType = text.plist.xml; path = Info.plist; sourceTree = "<group>"; };
		C774E80220B1FDE400E21DCA /* Window Shopper.app */ = {isa = PBXFileReference; explicitFileType = wrapper.application; includeInIndex = 0; path = "Window Shopper.app"; sourceTree = BUILT_PRODUCTS_DIR; };
		C774E80520B1FDE400E21DCA /* AppDelegate.swift */ = {isa = PBXFileReference; lastKnownFileType = sourcecode.swift; path = AppDelegate.swift; sourceTree = "<group>"; };
		C774E80720B1FDE400E21DCA /* mainVC.swift */ = {isa = PBXFileReference; lastKnownFileType = sourcecode.swift; path = mainVC.swift; sourceTree = "<group>"; };
		C774E80A20B1FDE400E21DCA /* Base */ = {isa = PBXFileReference; lastKnownFileType = file.storyboard; name = Base; path = Base.lproj/Main.storyboard; sourceTree = "<group>"; };
		C774E80C20B1FDE400E21DCA /* Assets.xcassets */ = {isa = PBXFileReference; lastKnownFileType = folder.assetcatalog; path = Assets.xcassets; sourceTree = "<group>"; };
		C774E80F20B1FDE400E21DCA /* Base */ = {isa = PBXFileReference; lastKnownFileType = file.storyboard; name = Base; path = Base.lproj/LaunchScreen.storyboard; sourceTree = "<group>"; };
		C774E81120B1FDE400E21DCA /* Info.plist */ = {isa = PBXFileReference; lastKnownFileType = text.plist.xml; path = Info.plist; sourceTree = "<group>"; };
		C774E81920B2011E00E21DCA /* CurrencyTextField.swift */ = {isa = PBXFileReference; lastKnownFileType = sourcecode.swift; path = CurrencyTextField.swift; sourceTree = "<group>"; };
/* End PBXFileReference section */

/* Begin PBXFrameworksBuildPhase section */
		C743577120B2E3E800BEC51B /* Frameworks */ = {
			isa = PBXFrameworksBuildPhase;
			buildActionMask = 2147483647;
			files = (
			);
			runOnlyForDeploymentPostprocessing = 0;
		};
		C774E7FF20B1FDE400E21DCA /* Frameworks */ = {
			isa = PBXFrameworksBuildPhase;
			buildActionMask = 2147483647;
			files = (
			);
			runOnlyForDeploymentPostprocessing = 0;
		};
/* End PBXFrameworksBuildPhase section */

/* Begin PBXGroup section */
		C743577520B2E3E800BEC51B /* Window ShopperTests */ = {
			isa = PBXGroup;
			children = (
				C743577620B2E3E800BEC51B /* Window_ShopperTests.swift */,
				C743577820B2E3E800BEC51B /* Info.plist */,
			);
			path = "Window ShopperTests";
			sourceTree = "<group>";
		};
		C774E7F920B1FDE400E21DCA = {
			isa = PBXGroup;
			children = (
				C774E80420B1FDE400E21DCA /* Window Shopper */,
				C743577520B2E3E800BEC51B /* Window ShopperTests */,
				C774E80320B1FDE400E21DCA /* Products */,
			);
			sourceTree = "<group>";
		};
		C774E80320B1FDE400E21DCA /* Products */ = {
			isa = PBXGroup;
			children = (
				C774E80220B1FDE400E21DCA /* Window Shopper.app */,
				C743577420B2E3E800BEC51B /* Window ShopperTests.xctest */,
			);
			name = Products;
			sourceTree = "<group>";
		};
		C774E80420B1FDE400E21DCA /* Window Shopper */ = {
			isa = PBXGroup;
			children = (
				C774E81820B200E300E21DCA /* Views */,
				C774E81720B1FF7800E21DCA /* Controller */,
				C774E80520B1FDE400E21DCA /* AppDelegate.swift */,
				C774E80920B1FDE400E21DCA /* Main.storyboard */,
				C774E80C20B1FDE400E21DCA /* Assets.xcassets */,
				C774E80E20B1FDE400E21DCA /* LaunchScreen.storyboard */,
				C774E81120B1FDE400E21DCA /* Info.plist */,
			);
			path = "Window Shopper";
			sourceTree = "<group>";
		};
		C774E81720B1FF7800E21DCA /* Controller */ = {
			isa = PBXGroup;
			children = (
				C774E80720B1FDE400E21DCA /* mainVC.swift */,
			);
			path = Controller;
			sourceTree = "<group>";
		};
		C774E81820B200E300E21DCA /* Views */ = {
			isa = PBXGroup;
			children = (
				C774E81920B2011E00E21DCA /* CurrencyTextField.swift */,
			);
			path = Views;
			sourceTree = "<group>";
		};
/* End PBXGroup section */

/* Begin PBXNativeTarget section */
		C743577320B2E3E800BEC51B /* Window ShopperTests */ = {
			isa = PBXNativeTarget;
			buildConfigurationList = C743577D20B2E3E800BEC51B /* Build configuration list for PBXNativeTarget "Window ShopperTests" */;
			buildPhases = (
				C743577020B2E3E800BEC51B /* Sources */,
				C743577120B2E3E800BEC51B /* Frameworks */,
				C743577220B2E3E800BEC51B /* Resources */,
			);
			buildRules = (
			);
			dependencies = (
				C743577A20B2E3E800BEC51B /* PBXTargetDependency */,
			);
			name = "Window ShopperTests";
			productName = "Window ShopperTests";
			productReference = C743577420B2E3E800BEC51B /* Window ShopperTests.xctest */;
			productType = "com.apple.product-type.bundle.unit-test";
		};
		C774E80120B1FDE400E21DCA /* Window Shopper */ = {
			isa = PBXNativeTarget;
			buildConfigurationList = C774E81420B1FDE400E21DCA /* Build configuration list for PBXNativeTarget "Window Shopper" */;
			buildPhases = (
				C774E7FE20B1FDE400E21DCA /* Sources */,
				C774E7FF20B1FDE400E21DCA /* Frameworks */,
				C774E80020B1FDE400E21DCA /* Resources */,
			);
			buildRules = (
			);
			dependencies = (
			);
			name = "Window Shopper";
			productName = "Window Shopper";
			productReference = C774E80220B1FDE400E21DCA /* Window Shopper.app */;
			productType = "com.apple.product-type.application";
		};
/* End PBXNativeTarget section */

/* Begin PBXProject section */
		C774E7FA20B1FDE400E21DCA /* Project object */ = {
			isa = PBXProject;
			attributes = {
				LastSwiftUpdateCheck = 0900;
				LastUpgradeCheck = 0900;
				ORGANIZATIONNAME = Sehajbir;
				TargetAttributes = {
					C743577320B2E3E800BEC51B = {
						CreatedOnToolsVersion = 9.0;
						ProvisioningStyle = Automatic;
						TestTargetID = C774E80120B1FDE400E21DCA;
					};
					C774E80120B1FDE400E21DCA = {
						CreatedOnToolsVersion = 9.0;
						ProvisioningStyle = Automatic;
					};
				};
			};
			buildConfigurationList = C774E7FD20B1FDE400E21DCA /* Build configuration list for PBXProject "Window Shopper" */;
			compatibilityVersion = "Xcode 8.0";
			developmentRegion = en;
			hasScannedForEncodings = 0;
			knownRegions = (
				en,
				Base,
			);
			mainGroup = C774E7F920B1FDE400E21DCA;
			productRefGroup = C774E80320B1FDE400E21DCA /* Products */;
			projectDirPath = "";
			projectRoot = "";
			targets = (
				C774E80120B1FDE400E21DCA /* Window Shopper */,
				C743577320B2E3E800BEC51B /* Window ShopperTests */,
			);
		};
/* End PBXProject section */

/* Begin PBXResourcesBuildPhase section */
		C743577220B2E3E800BEC51B /* Resources */ = {
			isa = PBXResourcesBuildPhase;
			buildActionMask = 2147483647;
			files = (
			);
			runOnlyForDeploymentPostprocessing = 0;
		};
		C774E80020B1FDE400E21DCA /* Resources */ = {
			isa = PBXResourcesBuildPhase;
			buildActionMask = 2147483647;
			files = (
				C774E81020B1FDE400E21DCA /* LaunchScreen.storyboard in Resources */,
				C774E80D20B1FDE400E21DCA /* Assets.xcassets in Resources */,
				C774E80B20B1FDE400E21DCA /* Main.storyboard in Resources */,
			);
			runOnlyForDeploymentPostprocessing = 0;
		};
/* End PBXResourcesBuildPhase section */

/* Begin PBXSourcesBuildPhase section */
		C743577020B2E3E800BEC51B /* Sources */ = {
			isa = PBXSourcesBuildPhase;
			buildActionMask = 2147483647;
			files = (
				C743577720B2E3E800BEC51B /* Window_ShopperTests.swift in Sources */,
			);
			runOnlyForDeploymentPostprocessing = 0;
		};
		C774E7FE20B1FDE400E21DCA /* Sources */ = {
			isa = PBXSourcesBuildPhase;
			buildActionMask = 2147483647;
			files = (
				C774E81A20B2011E00E21DCA /* CurrencyTextField.swift in Sources */,
				C774E80820B1FDE400E21DCA /* mainVC.swift in Sources */,
				C774E80620B1FDE400E21DCA /* AppDelegate.swift in Sources */,
			);
			runOnlyForDeploymentPostprocessing = 0;
		};
/* End PBXSourcesBuildPhase section */

/* Begin PBXTargetDependency section */
		C743577A20B2E3E800BEC51B /* PBXTargetDependency */ = {
			isa = PBXTargetDependency;
			target = C774E80120B1FDE400E21DCA /* Window Shopper */;
			targetProxy = C743577920B2E3E800BEC51B /* PBXContainerItemProxy */;
		};
/* End PBXTargetDependency section */

/* Begin PBXVariantGroup section */
		C774E80920B1FDE400E21DCA /* Main.storyboard */ = {
			isa = PBXVariantGroup;
			children = (
				C774E80A20B1FDE400E21DCA /* Base */,
			);
			name = Main.storyboard;
			sourceTree = "<group>";
		};
		C774E80E20B1FDE400E21DCA /* LaunchScreen.storyboard */ = {
			isa = PBXVariantGroup;
			children = (
				C774E80F20B1FDE400E21DCA /* Base */,
			);
			name = LaunchScreen.storyboard;
			sourceTree = "<group>";
		};
/* End PBXVariantGroup section */

/* Begin XCBuildConfiguration section */
		C743577B20B2E3E800BEC51B /* Debug */ = {
			isa = XCBuildConfiguration;
			buildSettings = {
				BUNDLE_LOADER = "$(TEST_HOST)";
				CODE_SIGN_STYLE = Automatic;
				DEVELOPMENT_TEAM = UES3CL6253;
				INFOPLIST_FILE = "Window ShopperTests/Info.plist";
				LD_RUNPATH_SEARCH_PATHS = "$(inherited) @executable_path/Frameworks @loader_path/Frameworks";
				PRODUCT_BUNDLE_IDENTIFIER = "Sehajbir.Window-ShopperTests";
				PRODUCT_NAME = "$(TARGET_NAME)";
				SWIFT_VERSION = 4.0;
				TARGETED_DEVICE_FAMILY = "1,2";
				TEST_HOST = "$(BUILT_PRODUCTS_DIR)/Window Shopper.app/Window Shopper";
			};
			name = Debug;
		};
		C743577C20B2E3E800BEC51B /* Release */ = {
			isa = XCBuildConfiguration;
			buildSettings = {
				BUNDLE_LOADER = "$(TEST_HOST)";
				CODE_SIGN_STYLE = Automatic;
				DEVELOPMENT_TEAM = UES3CL6253;
				INFOPLIST_FILE = "Window ShopperTests/Info.plist";
				LD_RUNPATH_SEARCH_PATHS = "$(inherited) @executable_path/Frameworks @loader_path/Frameworks";
				PRODUCT_BUNDLE_IDENTIFIER = "Sehajbir.Window-ShopperTests";
				PRODUCT_NAME = "$(TARGET_NAME)";
				SWIFT_VERSION = 4.0;
				TARGETED_DEVICE_FAMILY = "1,2";
				TEST_HOST = "$(BUILT_PRODUCTS_DIR)/Window Shopper.app/Window Shopper";
			};
			name = Release;
		};
		C774E81220B1FDE400E21DCA /* Debug */ = {
			isa = XCBuildConfiguration;
			buildSettings = {
				ALWAYS_SEARCH_USER_PATHS = NO;
				CLANG_ANALYZER_NONNULL = YES;
				CLANG_ANALYZER_NUMBER_OBJECT_CONVERSION = YES_AGGRESSIVE;
				CLANG_CXX_LANGUAGE_STANDARD = "gnu++14";
				CLANG_CXX_LIBRARY = "libc++";
				CLANG_ENABLE_MODULES = YES;
				CLANG_ENABLE_OBJC_ARC = YES;
				CLANG_WARN_BLOCK_CAPTURE_AUTORELEASING = YES;
				CLANG_WARN_BOOL_CONVERSION = YES;
				CLANG_WARN_COMMA = YES;
				CLANG_WARN_CONSTANT_CONVERSION = YES;
				CLANG_WARN_DIRECT_OBJC_ISA_USAGE = YES_ERROR;
				CLANG_WARN_DOCUMENTATION_COMMENTS = YES;
				CLANG_WARN_EMPTY_BODY = YES;
				CLANG_WARN_ENUM_CONVERSION = YES;
				CLANG_WARN_INFINITE_RECURSION = YES;
				CLANG_WARN_INT_CONVERSION = YES;
				CLANG_WARN_NON_LITERAL_NULL_CONVERSION = YES;
				CLANG_WARN_OBJC_LITERAL_CONVERSION = YES;
				CLANG_WARN_OBJC_ROOT_CLASS = YES_ERROR;
				CLANG_WARN_RANGE_LOOP_ANALYSIS = YES;
				CLANG_WARN_STRICT_PROTOTYPES = YES;
				CLANG_WARN_SUSPICIOUS_MOVE = YES;
				CLANG_WARN_UNGUARDED_AVAILABILITY = YES_AGGRESSIVE;
				CLANG_WARN_UNREACHABLE_CODE = YES;
				CLANG_WARN__DUPLICATE_METHOD_MATCH = YES;
				CODE_SIGN_IDENTITY = "iPhone Developer";
				COPY_PHASE_STRIP = NO;
				DEBUG_INFORMATION_FORMAT = dwarf;
				ENABLE_STRICT_OBJC_MSGSEND = YES;
				ENABLE_TESTABILITY = YES;
				GCC_C_LANGUAGE_STANDARD = gnu11;
				GCC_DYNAMIC_NO_PIC = NO;
				GCC_NO_COMMON_BLOCKS = YES;
				GCC_OPTIMIZATION_LEVEL = 0;
				GCC_PREPROCESSOR_DEFINITIONS = (
					"DEBUG=1",
					"$(inherited)",
				);
				GCC_WARN_64_TO_32_BIT_CONVERSION = YES;
				GCC_WARN_ABOUT_RETURN_TYPE = YES_ERROR;
				GCC_WARN_UNDECLARED_SELECTOR = YES;
				GCC_WARN_UNINITIALIZED_AUTOS = YES_AGGRESSIVE;
				GCC_WARN_UNUSED_FUNCTION = YES;
				GCC_WARN_UNUSED_VARIABLE = YES;
				IPHONEOS_DEPLOYMENT_TARGET = 11.0;
				MTL_ENABLE_DEBUG_INFO = YES;
				ONLY_ACTIVE_ARCH = YES;
				SDKROOT = iphoneos;
				SWIFT_ACTIVE_COMPILATION_CONDITIONS = DEBUG;
				SWIFT_OPTIMIZATION_LEVEL = "-Onone";
			};
			name = Debug;
		};
		C774E81320B1FDE400E21DCA /* Release */ = {
			isa = XCBuildConfiguration;
			buildSettings = {
				ALWAYS_SEARCH_USER_PATHS = NO;
				CLANG_ANALYZER_NONNULL = YES;
				CLANG_ANALYZER_NUMBER_OBJECT_CONVERSION = YES_AGGRESSIVE;
				CLANG_CXX_LANGUAGE_STANDARD = "gnu++14";
				CLANG_CXX_LIBRARY = "libc++";
				CLANG_ENABLE_MODULES = YES;
				CLANG_ENABLE_OBJC_ARC = YES;
				CLANG_WARN_BLOCK_CAPTURE_AUTORELEASING = YES;
				CLANG_WARN_BOOL_CONVERSION = YES;
				CLANG_WARN_COMMA = YES;
				CLANG_WARN_CONSTANT_CONVERSION = YES;
				CLANG_WARN_DIRECT_OBJC_ISA_USAGE = YES_ERROR;
				CLANG_WARN_DOCUMENTATION_COMMENTS = YES;
				CLANG_WARN_EMPTY_BODY = YES;
				CLANG_WARN_ENUM_CONVERSION = YES;
				CLANG_WARN_INFINITE_RECURSION = YES;
				CLANG_WARN_INT_CONVERSION = YES;
				CLANG_WARN_NON_LITERAL_NULL_CONVERSION = YES;
				CLANG_WARN_OBJC_LITERAL_CONVERSION = YES;
				CLANG_WARN_OBJC_ROOT_CLASS = YES_ERROR;
				CLANG_WARN_RANGE_LOOP_ANALYSIS = YES;
				CLANG_WARN_STRICT_PROTOTYPES = YES;
				CLANG_WARN_SUSPICIOUS_MOVE = YES;
				CLANG_WARN_UNGUARDED_AVAILABILITY = YES_AGGRESSIVE;
				CLANG_WARN_UNREACHABLE_CODE = YES;
				CLANG_WARN__DUPLICATE_METHOD_MATCH = YES;
				CODE_SIGN_IDENTITY = "iPhone Developer";
				COPY_PHASE_STRIP = NO;
				DEBUG_INFORMATION_FORMAT = "dwarf-with-dsym";
				ENABLE_NS_ASSERTIONS = NO;
				ENABLE_STRICT_OBJC_MSGSEND = YES;
				GCC_C_LANGUAGE_STANDARD = gnu11;
				GCC_NO_COMMON_BLOCKS = YES;
				GCC_WARN_64_TO_32_BIT_CONVERSION = YES;
				GCC_WARN_ABOUT_RETURN_TYPE = YES_ERROR;
				GCC_WARN_UNDECLARED_SELECTOR = YES;
				GCC_WARN_UNINITIALIZED_AUTOS = YES_AGGRESSIVE;
				GCC_WARN_UNUSED_FUNCTION = YES;
				GCC_WARN_UNUSED_VARIABLE = YES;
				IPHONEOS_DEPLOYMENT_TARGET = 11.0;
				MTL_ENABLE_DEBUG_INFO = NO;
				SDKROOT = iphoneos;
				SWIFT_OPTIMIZATION_LEVEL = "-Owholemodule";
				VALIDATE_PRODUCT = YES;
			};
			name = Release;
		};
		C774E81520B1FDE400E21DCA /* Debug */ = {
			isa = XCBuildConfiguration;
			buildSettings = {
				ASSETCATALOG_COMPILER_APPICON_NAME = AppIcon;
				CODE_SIGN_STYLE = Automatic;
				DEVELOPMENT_TEAM = UES3CL6253;
				INFOPLIST_FILE = "Window Shopper/Info.plist";
				LD_RUNPATH_SEARCH_PATHS = "$(inherited) @executable_path/Frameworks";
				PRODUCT_BUNDLE_IDENTIFIER = "Sehajbir.Window-Shopper";
				PRODUCT_NAME = "$(TARGET_NAME)";
				SWIFT_VERSION = 4.0;
				TARGETED_DEVICE_FAMILY = "1,2";
			};
			name = Debug;
		};
		C774E81620B1FDE400E21DCA /* Release */ = {
			isa = XCBuildConfiguration;
			buildSettings = {
				ASSETCATALOG_COMPILER_APPICON_NAME = AppIcon;
				CODE_SIGN_STYLE = Automatic;
				DEVELOPMENT_TEAM = UES3CL6253;
				INFOPLIST_FILE = "Window Shopper/Info.plist";
				LD_RUNPATH_SEARCH_PATHS = "$(inherited) @executable_path/Frameworks";
				PRODUCT_BUNDLE_IDENTIFIER = "Sehajbir.Window-Shopper";
				PRODUCT_NAME = "$(TARGET_NAME)";
				SWIFT_VERSION = 4.0;
				TARGETED_DEVICE_FAMILY = "1,2";
			};
			name = Release;
		};
/* End XCBuildConfiguration section */

/* Begin XCConfigurationList section */
		C743577D20B2E3E800BEC51B /* Build configuration list for PBXNativeTarget "Window ShopperTests" */ = {
			isa = XCConfigurationList;
			buildConfigurations = (
				C743577B20B2E3E800BEC51B /* Debug */,
				C743577C20B2E3E800BEC51B /* Release */,
			);
			defaultConfigurationIsVisible = 0;
			defaultConfigurationName = Release;
		};
		C774E7FD20B1FDE400E21DCA /* Build configuration list for PBXProject "Window Shopper" */ = {
			isa = XCConfigurationList;
			buildConfigurations = (
				C774E81220B1FDE400E21DCA /* Debug */,
				C774E81320B1FDE400E21DCA /* Release */,
			);
			defaultConfigurationIsVisible = 0;
			defaultConfigurationName = Release;
		};
		C774E81420B1FDE400E21DCA /* Build configuration list for PBXNativeTarget "Window Shopper" */ = {
			isa = XCConfigurationList;
			buildConfigurations = (
				C774E81520B1FDE400E21DCA /* Debug */,
				C774E81620B1FDE400E21DCA /* Release */,
			);
			defaultConfigurationIsVisible = 0;
			defaultConfigurationName = Release;
		};
/* End XCConfigurationList section */
	};
	rootObject = C774E7FA20B1FDE400E21DCA /* Project object */;
}
